PODS:
  - MRRealmResultsController (0.0.1):
    - Realm (= 0.90.5)
  - Realm (0.90.5):
    - Realm/Headers (= 0.90.5)
  - Realm/Headers (0.90.5)

DEPENDENCIES:
  - MRRealmResultsController (from `../`)

EXTERNAL SOURCES:
  MRRealmResultsController:
    :path: ../

SPEC CHECKSUMS:
  MRRealmResultsController: 59e3a751edf45d53dbcbca0f364e8978bd4ec168
  Realm: 9076475e7ea3b4baf9fd90a4aa965256cf4ecd7b

COCOAPODS: 0.38.2
